// !$*UTF8*$!
{
	archiveVersion = 1;
	classes = {
	};
	objectVersion = 56;
	objects = {

/* Begin PBXBuildFile section */
		2AC0DAE52B6EDB130093C435 /* AppDelegate.swift in Sources */ = {isa = PBXBuildFile; fileRef = 2AC0DAE42B6EDB130093C435 /* AppDelegate.swift */; };
		2AC0DAE72B6EDB130093C435 /* SceneDelegate.swift in Sources */ = {isa = PBXBuildFile; fileRef = 2AC0DAE62B6EDB130093C435 /* SceneDelegate.swift */; };
		2AC0DAE92B6EDB130093C435 /* ChuckNorrisFactsViewController.swift in Sources */ = {isa = PBXBuildFile; fileRef = 2AC0DAE82B6EDB130093C435 /* ChuckNorrisFactsViewController.swift */; };
		2AC0DAEE2B6EDB160093C435 /* Assets.xcassets in Resources */ = {isa = PBXBuildFile; fileRef = 2AC0DAED2B6EDB160093C435 /* Assets.xcassets */; };
		2AC0DAF12B6EDB160093C435 /* LaunchScreen.storyboard in Resources */ = {isa = PBXBuildFile; fileRef = 2AC0DAEF2B6EDB160093C435 /* LaunchScreen.storyboard */; };
		2AC0DAF92B6EDD3B0093C435 /* ChuckNorrisFactsScreen.swift in Sources */ = {isa = PBXBuildFile; fileRef = 2AC0DAF82B6EDD3B0093C435 /* ChuckNorrisFactsScreen.swift */; };
		2AC0DAFC2B6EDDCD0093C435 /* ChuckNorrisFactsModel.swift in Sources */ = {isa = PBXBuildFile; fileRef = 2AC0DAFB2B6EDDCD0093C435 /* ChuckNorrisFactsModel.swift */; };
		2AC0DB002B6EDEB50093C435 /* ChuckNorrisFactsAPI.swift in Sources */ = {isa = PBXBuildFile; fileRef = 2AC0DAFF2B6EDEB50093C435 /* ChuckNorrisFactsAPI.swift */; };
/* End PBXBuildFile section */

/* Begin PBXFileReference section */
		2AC0DAE12B6EDB130093C435 /* chuckNorrisFacts.app */ = {isa = PBXFileReference; explicitFileType = wrapper.application; includeInIndex = 0; path = chuckNorrisFacts.app; sourceTree = BUILT_PRODUCTS_DIR; };
		2AC0DAE42B6EDB130093C435 /* AppDelegate.swift */ = {isa = PBXFileReference; lastKnownFileType = sourcecode.swift; path = AppDelegate.swift; sourceTree = "<group>"; };
		2AC0DAE62B6EDB130093C435 /* SceneDelegate.swift */ = {isa = PBXFileReference; lastKnownFileType = sourcecode.swift; path = SceneDelegate.swift; sourceTree = "<group>"; };
		2AC0DAE82B6EDB130093C435 /* ChuckNorrisFactsViewController.swift */ = {isa = PBXFileReference; lastKnownFileType = sourcecode.swift; path = ChuckNorrisFactsViewController.swift; sourceTree = "<group>"; };
		2AC0DAED2B6EDB160093C435 /* Assets.xcassets */ = {isa = PBXFileReference; lastKnownFileType = folder.assetcatalog; path = Assets.xcassets; sourceTree = "<group>"; };
		2AC0DAF02B6EDB160093C435 /* Base */ = {isa = PBXFileReference; lastKnownFileType = file.storyboard; name = Base; path = Base.lproj/LaunchScreen.storyboard; sourceTree = "<group>"; };
		2AC0DAF22B6EDB160093C435 /* Info.plist */ = {isa = PBXFileReference; lastKnownFileType = text.plist.xml; path = Info.plist; sourceTree = "<group>"; };
		2AC0DAF82B6EDD3B0093C435 /* ChuckNorrisFactsScreen.swift */ = {isa = PBXFileReference; lastKnownFileType = sourcecode.swift; path = ChuckNorrisFactsScreen.swift; sourceTree = "<group>"; };
		2AC0DAFB2B6EDDCD0093C435 /* ChuckNorrisFactsModel.swift */ = {isa = PBXFileReference; lastKnownFileType = sourcecode.swift; path = ChuckNorrisFactsModel.swift; sourceTree = "<group>"; };
		2AC0DAFF2B6EDEB50093C435 /* ChuckNorrisFactsAPI.swift */ = {isa = PBXFileReference; lastKnownFileType = sourcecode.swift; path = ChuckNorrisFactsAPI.swift; sourceTree = "<group>"; };
/* End PBXFileReference section */

/* Begin PBXFrameworksBuildPhase section */
		2AC0DADE2B6EDB130093C435 /* Frameworks */ = {
			isa = PBXFrameworksBuildPhase;
			buildActionMask = 2147483647;
			files = (
			);
			runOnlyForDeploymentPostprocessing = 0;
		};
/* End PBXFrameworksBuildPhase section */

/* Begin PBXGroup section */
		2AC0DAD82B6EDB130093C435 = {
			isa = PBXGroup;
			children = (
				2AC0DAE32B6EDB130093C435 /* chuckNorrisFacts */,
				2AC0DAE22B6EDB130093C435 /* Products */,
			);
			sourceTree = "<group>";
		};
		2AC0DAE22B6EDB130093C435 /* Products */ = {
			isa = PBXGroup;
			children = (
				2AC0DAE12B6EDB130093C435 /* chuckNorrisFacts.app */,
			);
			name = Products;
			sourceTree = "<group>";
		};
		2AC0DAE32B6EDB130093C435 /* chuckNorrisFacts */ = {
			isa = PBXGroup;
			children = (
				2AC0DAFE2B6EDE940093C435 /* Service */,
				2AC0DAFD2B6EDE6E0093C435 /* ChuckNorrisFactsViewController */,
				2AC0DAFA2B6EDDAF0093C435 /* Model */,
				2AC0DB012B6EDF6E0093C435 /* Others */,
				2AC0DAF22B6EDB160093C435 /* Info.plist */,
			);
			path = chuckNorrisFacts;
			sourceTree = "<group>";
		};
		2AC0DAFA2B6EDDAF0093C435 /* Model */ = {
			isa = PBXGroup;
			children = (
				2AC0DAFB2B6EDDCD0093C435 /* ChuckNorrisFactsModel.swift */,
			);
			path = Model;
			sourceTree = "<group>";
		};
		2AC0DAFD2B6EDE6E0093C435 /* ChuckNorrisFactsViewController */ = {
			isa = PBXGroup;
			children = (
				2AC0DAE82B6EDB130093C435 /* ChuckNorrisFactsViewController.swift */,
				2AC0DAF82B6EDD3B0093C435 /* ChuckNorrisFactsScreen.swift */,
			);
			path = ChuckNorrisFactsViewController;
			sourceTree = "<group>";
		};
		2AC0DAFE2B6EDE940093C435 /* Service */ = {
			isa = PBXGroup;
			children = (
				2AC0DAFF2B6EDEB50093C435 /* ChuckNorrisFactsAPI.swift */,
			);
			path = Service;
			sourceTree = "<group>";
		};
		2AC0DB012B6EDF6E0093C435 /* Others */ = {
			isa = PBXGroup;
			children = (
				2AC0DAE42B6EDB130093C435 /* AppDelegate.swift */,
				2AC0DAE62B6EDB130093C435 /* SceneDelegate.swift */,
				2AC0DAED2B6EDB160093C435 /* Assets.xcassets */,
				2AC0DAEF2B6EDB160093C435 /* LaunchScreen.storyboard */,
			);
			path = Others;
			sourceTree = "<group>";
		};
/* End PBXGroup section */

/* Begin PBXNativeTarget section */
		2AC0DAE02B6EDB130093C435 /* chuckNorrisFacts */ = {
			isa = PBXNativeTarget;
			buildConfigurationList = 2AC0DAF52B6EDB160093C435 /* Build configuration list for PBXNativeTarget "chuckNorrisFacts" */;
			buildPhases = (
				2AC0DADD2B6EDB130093C435 /* Sources */,
				2AC0DADE2B6EDB130093C435 /* Frameworks */,
				2AC0DADF2B6EDB130093C435 /* Resources */,
			);
			buildRules = (
			);
			dependencies = (
			);
			name = chuckNorrisFacts;
			productName = chuckNorrisFacts;
			productReference = 2AC0DAE12B6EDB130093C435 /* chuckNorrisFacts.app */;
			productType = "com.apple.product-type.application";
		};
/* End PBXNativeTarget section */

/* Begin PBXProject section */
		2AC0DAD92B6EDB130093C435 /* Project object */ = {
			isa = PBXProject;
			attributes = {
				BuildIndependentTargetsInParallel = 1;
				LastSwiftUpdateCheck = 1420;
				LastUpgradeCheck = 1420;
				TargetAttributes = {
					2AC0DAE02B6EDB130093C435 = {
						CreatedOnToolsVersion = 14.2;
					};
				};
			};
			buildConfigurationList = 2AC0DADC2B6EDB130093C435 /* Build configuration list for PBXProject "chuckNorrisFacts" */;
			compatibilityVersion = "Xcode 14.0";
			developmentRegion = en;
			hasScannedForEncodings = 0;
			knownRegions = (
				en,
				Base,
			);
			mainGroup = 2AC0DAD82B6EDB130093C435;
			productRefGroup = 2AC0DAE22B6EDB130093C435 /* Products */;
			projectDirPath = "";
			projectRoot = "";
			targets = (
				2AC0DAE02B6EDB130093C435 /* chuckNorrisFacts */,
			);
		};
/* End PBXProject section */

/* Begin PBXResourcesBuildPhase section */
		2AC0DADF2B6EDB130093C435 /* Resources */ = {
			isa = PBXResourcesBuildPhase;
			buildActionMask = 2147483647;
			files = (
				2AC0DAF12B6EDB160093C435 /* LaunchScreen.storyboard in Resources */,
				2AC0DAEE2B6EDB160093C435 /* Assets.xcassets in Resources */,
			);
			runOnlyForDeploymentPostprocessing = 0;
		};
/* End PBXResourcesBuildPhase section */

/* Begin PBXSourcesBuildPhase section */
		2AC0DADD2B6EDB130093C435 /* Sources */ = {
			isa = PBXSourcesBuildPhase;
			buildActionMask = 2147483647;
			files = (
				2AC0DAE92B6EDB130093C435 /* ChuckNorrisFactsViewController.swift in Sources */,
				2AC0DAE52B6EDB130093C435 /* AppDelegate.swift in Sources */,
				2AC0DAE72B6EDB130093C435 /* SceneDelegate.swift in Sources */,
				2AC0DAF92B6EDD3B0093C435 /* ChuckNorrisFactsScreen.swift in Sources */,
				2AC0DB002B6EDEB50093C435 /* ChuckNorrisFactsAPI.swift in Sources */,
				2AC0DAFC2B6EDDCD0093C435 /* ChuckNorrisFactsModel.swift in Sources */,
			);
			runOnlyForDeploymentPostprocessing = 0;
		};
/* End PBXSourcesBuildPhase section */

/* Begin PBXVariantGroup section */
		2AC0DAEF2B6EDB160093C435 /* LaunchScreen.storyboard */ = {
			isa = PBXVariantGroup;
			children = (
				2AC0DAF02B6EDB160093C435 /* Base */,
			);
			name = LaunchScreen.storyboard;
			sourceTree = "<group>";
		};
/* End PBXVariantGroup section */

/* Begin XCBuildConfiguration section */
		2AC0DAF32B6EDB160093C435 /* Debug */ = {
			isa = XCBuildConfiguration;
			buildSettings = {
				ALWAYS_SEARCH_USER_PATHS = NO;
				CLANG_ANALYZER_NONNULL = YES;
				CLANG_ANALYZER_NUMBER_OBJECT_CONVERSION = YES_AGGRESSIVE;
				CLANG_CXX_LANGUAGE_STANDARD = "gnu++20";
				CLANG_ENABLE_MODULES = YES;
				CLANG_ENABLE_OBJC_ARC = YES;
				CLANG_ENABLE_OBJC_WEAK = YES;
				CLANG_WARN_BLOCK_CAPTURE_AUTORELEASING = YES;
				CLANG_WARN_BOOL_CONVERSION = YES;
				CLANG_WARN_COMMA = YES;
				CLANG_WARN_CONSTANT_CONVERSION = YES;
				CLANG_WARN_DEPRECATED_OBJC_IMPLEMENTATIONS = YES;
				CLANG_WARN_DIRECT_OBJC_ISA_USAGE = YES_ERROR;
				CLANG_WARN_DOCUMENTATION_COMMENTS = YES;
				CLANG_WARN_EMPTY_BODY = YES;
				CLANG_WARN_ENUM_CONVERSION = YES;
				CLANG_WARN_INFINITE_RECURSION = YES;
				CLANG_WARN_INT_CONVERSION = YES;
				CLANG_WARN_NON_LITERAL_NULL_CONVERSION = YES;
				CLANG_WARN_OBJC_IMPLICIT_RETAIN_SELF = YES;
				CLANG_WARN_OBJC_LITERAL_CONVERSION = YES;
				CLANG_WARN_OBJC_ROOT_CLASS = YES_ERROR;
				CLANG_WARN_QUOTED_INCLUDE_IN_FRAMEWORK_HEADER = YES;
				CLANG_WARN_RANGE_LOOP_ANALYSIS = YES;
				CLANG_WARN_STRICT_PROTOTYPES = YES;
				CLANG_WARN_SUSPICIOUS_MOVE = YES;
				CLANG_WARN_UNGUARDED_AVAILABILITY = YES_AGGRESSIVE;
				CLANG_WARN_UNREACHABLE_CODE = YES;
				CLANG_WARN__DUPLICATE_METHOD_MATCH = YES;
				COPY_PHASE_STRIP = NO;
				DEBUG_INFORMATION_FORMAT = dwarf;
				ENABLE_STRICT_OBJC_MSGSEND = YES;
				ENABLE_TESTABILITY = YES;
				GCC_C_LANGUAGE_STANDARD = gnu11;
				GCC_DYNAMIC_NO_PIC = NO;
				GCC_NO_COMMON_BLOCKS = YES;
				GCC_OPTIMIZATION_LEVEL = 0;
				GCC_PREPROCESSOR_DEFINITIONS = (
					"DEBUG=1",
					"$(inherited)",
				);
				GCC_WARN_64_TO_32_BIT_CONVERSION = YES;
				GCC_WARN_ABOUT_RETURN_TYPE = YES_ERROR;
				GCC_WARN_UNDECLARED_SELECTOR = YES;
				GCC_WARN_UNINITIALIZED_AUTOS = YES_AGGRESSIVE;
				GCC_WARN_UNUSED_FUNCTION = YES;
				GCC_WARN_UNUSED_VARIABLE = YES;
				IPHONEOS_DEPLOYMENT_TARGET = 16.2;
				MTL_ENABLE_DEBUG_INFO = INCLUDE_SOURCE;
				MTL_FAST_MATH = YES;
				ONLY_ACTIVE_ARCH = YES;
				SDKROOT = iphoneos;
				SWIFT_ACTIVE_COMPILATION_CONDITIONS = DEBUG;
				SWIFT_OPTIMIZATION_LEVEL = "-Onone";
			};
			name = Debug;
		};
		2AC0DAF42B6EDB160093C435 /* Release */ = {
			isa = XCBuildConfiguration;
			buildSettings = {
				ALWAYS_SEARCH_USER_PATHS = NO;
				CLANG_ANALYZER_NONNULL = YES;
				CLANG_ANALYZER_NUMBER_OBJECT_CONVERSION = YES_AGGRESSIVE;
				CLANG_CXX_LANGUAGE_STANDARD = "gnu++20";
				CLANG_ENABLE_MODULES = YES;
				CLANG_ENABLE_OBJC_ARC = YES;
				CLANG_ENABLE_OBJC_WEAK = YES;
				CLANG_WARN_BLOCK_CAPTURE_AUTORELEASING = YES;
				CLANG_WARN_BOOL_CONVERSION = YES;
				CLANG_WARN_COMMA = YES;
				CLANG_WARN_CONSTANT_CONVERSION = YES;
				CLANG_WARN_DEPRECATED_OBJC_IMPLEMENTATIONS = YES;
				CLANG_WARN_DIRECT_OBJC_ISA_USAGE = YES_ERROR;
				CLANG_WARN_DOCUMENTATION_COMMENTS = YES;
				CLANG_WARN_EMPTY_BODY = YES;
				CLANG_WARN_ENUM_CONVERSION = YES;
				CLANG_WARN_INFINITE_RECURSION = YES;
				CLANG_WARN_INT_CONVERSION = YES;
				CLANG_WARN_NON_LITERAL_NULL_CONVERSION = YES;
				CLANG_WARN_OBJC_IMPLICIT_RETAIN_SELF = YES;
				CLANG_WARN_OBJC_LITERAL_CONVERSION = YES;
				CLANG_WARN_OBJC_ROOT_CLASS = YES_ERROR;
				CLANG_WARN_QUOTED_INCLUDE_IN_FRAMEWORK_HEADER = YES;
				CLANG_WARN_RANGE_LOOP_ANALYSIS = YES;
				CLANG_WARN_STRICT_PROTOTYPES = YES;
				CLANG_WARN_SUSPICIOUS_MOVE = YES;
				CLANG_WARN_UNGUARDED_AVAILABILITY = YES_AGGRESSIVE;
				CLANG_WARN_UNREACHABLE_CODE = YES;
				CLANG_WARN__DUPLICATE_METHOD_MATCH = YES;
				COPY_PHASE_STRIP = NO;
				DEBUG_INFORMATION_FORMAT = "dwarf-with-dsym";
				ENABLE_NS_ASSERTIONS = NO;
				ENABLE_STRICT_OBJC_MSGSEND = YES;
				GCC_C_LANGUAGE_STANDARD = gnu11;
				GCC_NO_COMMON_BLOCKS = YES;
				GCC_WARN_64_TO_32_BIT_CONVERSION = YES;
				GCC_WARN_ABOUT_RETURN_TYPE = YES_ERROR;
				GCC_WARN_UNDECLARED_SELECTOR = YES;
				GCC_WARN_UNINITIALIZED_AUTOS = YES_AGGRESSIVE;
				GCC_WARN_UNUSED_FUNCTION = YES;
				GCC_WARN_UNUSED_VARIABLE = YES;
				IPHONEOS_DEPLOYMENT_TARGET = 16.2;
				MTL_ENABLE_DEBUG_INFO = NO;
				MTL_FAST_MATH = YES;
				SDKROOT = iphoneos;
				SWIFT_COMPILATION_MODE = wholemodule;
				SWIFT_OPTIMIZATION_LEVEL = "-O";
				VALIDATE_PRODUCT = YES;
			};
			name = Release;
		};
		2AC0DAF62B6EDB160093C435 /* Debug */ = {
			isa = XCBuildConfiguration;
			buildSettings = {
				ASSETCATALOG_COMPILER_APPICON_NAME = AppIcon;
				ASSETCATALOG_COMPILER_GLOBAL_ACCENT_COLOR_NAME = AccentColor;
				CODE_SIGN_STYLE = Automatic;
				CURRENT_PROJECT_VERSION = 1;
				GENERATE_INFOPLIST_FILE = YES;
				INFOPLIST_FILE = chuckNorrisFacts/Info.plist;
				INFOPLIST_KEY_UIApplicationSupportsIndirectInputEvents = YES;
				INFOPLIST_KEY_UILaunchStoryboardName = LaunchScreen;
				INFOPLIST_KEY_UIMainStoryboardFile = "";
				INFOPLIST_KEY_UISupportedInterfaceOrientations = UIInterfaceOrientationPortrait;
				INFOPLIST_KEY_UISupportedInterfaceOrientations_iPad = "UIInterfaceOrientationLandscapeLeft UIInterfaceOrientationLandscapeRight UIInterfaceOrientationPortrait UIInterfaceOrientationPortraitUpsideDown";
				IPHONEOS_DEPLOYMENT_TARGET = 15.6;
				LD_RUNPATH_SEARCH_PATHS = (
					"$(inherited)",
					"@executable_path/Frameworks",
				);
				MARKETING_VERSION = 1.0;
				PRODUCT_BUNDLE_IDENTIFIER = EullerAmaral.chuckNorrisFacts;
				PRODUCT_NAME = "$(TARGET_NAME)";
				SUPPORTED_PLATFORMS = "iphoneos iphonesimulator";
				SUPPORTS_MACCATALYST = NO;
				SUPPORTS_MAC_DESIGNED_FOR_IPHONE_IPAD = NO;
				SWIFT_EMIT_LOC_STRINGS = YES;
				SWIFT_VERSION = 5.0;
				TARGETED_DEVICE_FAMILY = 1;
			};
			name = Debug;
		};
		2AC0DAF72B6EDB160093C435 /* Release */ = {
			isa = XCBuildConfiguration;
			buildSettings = {
				ASSETCATALOG_COMPILER_APPICON_NAME = AppIcon;
				ASSETCATALOG_COMPILER_GLOBAL_ACCENT_COLOR_NAME = AccentColor;
				CODE_SIGN_STYLE = Automatic;
				CURRENT_PROJECT_VERSION = 1;
				GENERATE_INFOPLIST_FILE = YES;
				INFOPLIST_FILE = chuckNorrisFacts/Info.plist;
				INFOPLIST_KEY_UIApplicationSupportsIndirectInputEvents = YES;
				INFOPLIST_KEY_UILaunchStoryboardName = LaunchScreen;
				INFOPLIST_KEY_UIMainStoryboardFile = "";
				INFOPLIST_KEY_UISupportedInterfaceOrientations = UIInterfaceOrientationPortrait;
				INFOPLIST_KEY_UISupportedInterfaceOrientations_iPad = "UIInterfaceOrientationLandscapeLeft UIInterfaceOrientationLandscapeRight UIInterfaceOrientationPortrait UIInterfaceOrientationPortraitUpsideDown";
				IPHONEOS_DEPLOYMENT_TARGET = 15.6;
				LD_RUNPATH_SEARCH_PATHS = (
					"$(inherited)",
					"@executable_path/Frameworks",
				);
				MARKETING_VERSION = 1.0;
				PRODUCT_BUNDLE_IDENTIFIER = EullerAmaral.chuckNorrisFacts;
				PRODUCT_NAME = "$(TARGET_NAME)";
				SUPPORTED_PLATFORMS = "iphoneos iphonesimulator";
				SUPPORTS_MACCATALYST = NO;
				SUPPORTS_MAC_DESIGNED_FOR_IPHONE_IPAD = NO;
				SWIFT_EMIT_LOC_STRINGS = YES;
				SWIFT_VERSION = 5.0;
				TARGETED_DEVICE_FAMILY = 1;
			};
			name = Release;
		};
/* End XCBuildConfiguration section */

/* Begin XCConfigurationList section */
		2AC0DADC2B6EDB130093C435 /* Build configuration list for PBXProject "chuckNorrisFacts" */ = {
			isa = XCConfigurationList;
			buildConfigurations = (
				2AC0DAF32B6EDB160093C435 /* Debug */,
				2AC0DAF42B6EDB160093C435 /* Release */,
			);
			defaultConfigurationIsVisible = 0;
			defaultConfigurationName = Release;
		};
		2AC0DAF52B6EDB160093C435 /* Build configuration list for PBXNativeTarget "chuckNorrisFacts" */ = {
			isa = XCConfigurationList;
			buildConfigurations = (
				2AC0DAF62B6EDB160093C435 /* Debug */,
				2AC0DAF72B6EDB160093C435 /* Release */,
			);
			defaultConfigurationIsVisible = 0;
			defaultConfigurationName = Release;
		};
/* End XCConfigurationList section */
	};
	rootObject = 2AC0DAD92B6EDB130093C435 /* Project object */;
}
